
Microsoft Visual Studio Solution File, Format Version 12.00
# Visual Studio Version 17
VisualStudioVersion = 17.0.31903.59
MinimumVisualStudioVersion = 10.0.40219.1
Project("{2150E333-8FDC-42A3-9474-1A3956D46DE8}") = "src", "src", "{827E0CD3-B72D-47B6-A68D-7590B98EB39B}"
EndProject
Project("{FAE04EC0-301F-11D3-BF4B-00C04F79EFBC}") = "RefTrack.Domain", "src\RefTrack.Domain\RefTrack.Domain.csproj", "{060C5557-2AD0-4865-A0A7-5BA4E9D8FAE7}"
EndProject
Project("{FAE04EC0-301F-11D3-BF4B-00C04F79EFBC}") = "RefTrack.Infrastructure", "src\RefTrack.Infrastructure\RefTrack.Infrastructure.csproj", "{3B04682F-E247-4ED7-A3C8-C8DBE28C8AF6}"
EndProject
Project("{FAE04EC0-301F-11D3-BF4B-00C04F79EFBC}") = "RefTrack.Application", "src\RefTrack.Application\RefTrack.Application.csproj", "{A32C8DC7-8C52-4D28-ACA8-83EEF02CCC4C}"
EndProject
Project("{FAE04EC0-301F-11D3-BF4B-00C04F79EFBC}") = "RefTrack.API", "src\RefTrack.API\RefTrack.API.csproj", "{C79D7606-162F-4977-8AAF-33CC058A89A0}"
EndProject
Project("{2150E333-8FDC-42A3-9474-1A3956D46DE8}") = "tests", "tests", "{02EA681E-C7D8-13C7-8484-4AC65E1B71E8}"
EndProject
Project("{FAE04EC0-301F-11D3-BF4B-00C04F79EFBC}") = "RefTrack.IntegrationTests", "tests\RefTrack.IntegrationTests\RefTrack.IntegrationTests.csproj", "{EEABA872-D3C5-4F3C-973C-02340A6701B9}"
EndProject
Project("{FAE04EC0-301F-11D3-BF4B-00C04F79EFBC}") = "RefTrack.UnitTest", "tests\RefTrack.UnitTest\RefTrack.UnitTest.csproj", "{8B2F14E7-44DE-49E2-A8F1-9D0F440A11C1}"
EndProject
Global
	GlobalSection(SolutionConfigurationPlatforms) = preSolution
		Debug|Any CPU = Debug|Any CPU
		Debug|x64 = Debug|x64
		Debug|x86 = Debug|x86
		Release|Any CPU = Release|Any CPU
		Release|x64 = Release|x64
		Release|x86 = Release|x86
	EndGlobalSection
	GlobalSection(ProjectConfigurationPlatforms) = postSolution
		{060C5557-2AD0-4865-A0A7-5BA4E9D8FAE7}.Debug|Any CPU.ActiveCfg = Debug|Any CPU
		{060C5557-2AD0-4865-A0A7-5BA4E9D8FAE7}.Debug|Any CPU.Build.0 = Debug|Any CPU
		{060C5557-2AD0-4865-A0A7-5BA4E9D8FAE7}.Debug|x64.ActiveCfg = Debug|Any CPU
		{060C5557-2AD0-4865-A0A7-5BA4E9D8FAE7}.Debug|x64.Build.0 = Debug|Any CPU
		{060C5557-2AD0-4865-A0A7-5BA4E9D8FAE7}.Debug|x86.ActiveCfg = Debug|Any CPU
		{060C5557-2AD0-4865-A0A7-5BA4E9D8FAE7}.Debug|x86.Build.0 = Debug|Any CPU
		{060C5557-2AD0-4865-A0A7-5BA4E9D8FAE7}.Release|Any CPU.ActiveCfg = Release|Any CPU
		{060C5557-2AD0-4865-A0A7-5BA4E9D8FAE7}.Release|Any CPU.Build.0 = Release|Any CPU
		{060C5557-2AD0-4865-A0A7-5BA4E9D8FAE7}.Release|x64.ActiveCfg = Release|Any CPU
		{060C5557-2AD0-4865-A0A7-5BA4E9D8FAE7}.Release|x64.Build.0 = Release|Any CPU
		{060C5557-2AD0-4865-A0A7-5BA4E9D8FAE7}.Release|x86.ActiveCfg = Release|Any CPU
		{060C5557-2AD0-4865-A0A7-5BA4E9D8FAE7}.Release|x86.Build.0 = Release|Any CPU
		{3B04682F-E247-4ED7-A3C8-C8DBE28C8AF6}.Debug|Any CPU.ActiveCfg = Debug|Any CPU
		{3B04682F-E247-4ED7-A3C8-C8DBE28C8AF6}.Debug|Any CPU.Build.0 = Debug|Any CPU
		{3B04682F-E247-4ED7-A3C8-C8DBE28C8AF6}.Debug|x64.ActiveCfg = Debug|Any CPU
		{3B04682F-E247-4ED7-A3C8-C8DBE28C8AF6}.Debug|x64.Build.0 = Debug|Any CPU
		{3B04682F-E247-4ED7-A3C8-C8DBE28C8AF6}.Debug|x86.ActiveCfg = Debug|Any CPU
		{3B04682F-E247-4ED7-A3C8-C8DBE28C8AF6}.Debug|x86.Build.0 = Debug|Any CPU
		{3B04682F-E247-4ED7-A3C8-C8DBE28C8AF6}.Release|Any CPU.ActiveCfg = Release|Any CPU
		{3B04682F-E247-4ED7-A3C8-C8DBE28C8AF6}.Release|Any CPU.Build.0 = Release|Any CPU
		{3B04682F-E247-4ED7-A3C8-C8DBE28C8AF6}.Release|x64.ActiveCfg = Release|Any CPU
		{3B04682F-E247-4ED7-A3C8-C8DBE28C8AF6}.Release|x64.Build.0 = Release|Any CPU
		{3B04682F-E247-4ED7-A3C8-C8DBE28C8AF6}.Release|x86.ActiveCfg = Release|Any CPU
		{3B04682F-E247-4ED7-A3C8-C8DBE28C8AF6}.Release|x86.Build.0 = Release|Any CPU
		{A32C8DC7-8C52-4D28-ACA8-83EEF02CCC4C}.Debug|Any CPU.ActiveCfg = Debug|Any CPU
		{A32C8DC7-8C52-4D28-ACA8-83EEF02CCC4C}.Debug|Any CPU.Build.0 = Debug|Any CPU
		{A32C8DC7-8C52-4D28-ACA8-83EEF02CCC4C}.Debug|x64.ActiveCfg = Debug|Any CPU
		{A32C8DC7-8C52-4D28-ACA8-83EEF02CCC4C}.Debug|x64.Build.0 = Debug|Any CPU
		{A32C8DC7-8C52-4D28-ACA8-83EEF02CCC4C}.Debug|x86.ActiveCfg = Debug|Any CPU
		{A32C8DC7-8C52-4D28-ACA8-83EEF02CCC4C}.Debug|x86.Build.0 = Debug|Any CPU
		{A32C8DC7-8C52-4D28-ACA8-83EEF02CCC4C}.Release|Any CPU.ActiveCfg = Release|Any CPU
		{A32C8DC7-8C52-4D28-ACA8-83EEF02CCC4C}.Release|Any CPU.Build.0 = Release|Any CPU
		{A32C8DC7-8C52-4D28-ACA8-83EEF02CCC4C}.Release|x64.ActiveCfg = Release|Any CPU
		{A32C8DC7-8C52-4D28-ACA8-83EEF02CCC4C}.Release|x64.Build.0 = Release|Any CPU
		{A32C8DC7-8C52-4D28-ACA8-83EEF02CCC4C}.Release|x86.ActiveCfg = Release|Any CPU
		{A32C8DC7-8C52-4D28-ACA8-83EEF02CCC4C}.Release|x86.Build.0 = Release|Any CPU
		{C79D7606-162F-4977-8AAF-33CC058A89A0}.Debug|Any CPU.ActiveCfg = Debug|Any CPU
		{C79D7606-162F-4977-8AAF-33CC058A89A0}.Debug|Any CPU.Build.0 = Debug|Any CPU
		{C79D7606-162F-4977-8AAF-33CC058A89A0}.Debug|x64.ActiveCfg = Debug|Any CPU
		{C79D7606-162F-4977-8AAF-33CC058A89A0}.Debug|x64.Build.0 = Debug|Any CPU
		{C79D7606-162F-4977-8AAF-33CC058A89A0}.Debug|x86.ActiveCfg = Debug|Any CPU
		{C79D7606-162F-4977-8AAF-33CC058A89A0}.Debug|x86.Build.0 = Debug|Any CPU
		{C79D7606-162F-4977-8AAF-33CC058A89A0}.Release|Any CPU.ActiveCfg = Release|Any CPU
		{C79D7606-162F-4977-8AAF-33CC058A89A0}.Release|Any CPU.Build.0 = Release|Any CPU
		{C79D7606-162F-4977-8AAF-33CC058A89A0}.Release|x64.ActiveCfg = Release|Any CPU
		{C79D7606-162F-4977-8AAF-33CC058A89A0}.Release|x64.Build.0 = Release|Any CPU
		{C79D7606-162F-4977-8AAF-33CC058A89A0}.Release|x86.ActiveCfg = Release|Any CPU
		{C79D7606-162F-4977-8AAF-33CC058A89A0}.Release|x86.Build.0 = Release|Any CPU
		{EEABA872-D3C5-4F3C-973C-02340A6701B9}.Debug|Any CPU.ActiveCfg = Debug|Any CPU
		{EEABA872-D3C5-4F3C-973C-02340A6701B9}.Debug|Any CPU.Build.0 = Debug|Any CPU
		{EEABA872-D3C5-4F3C-973C-02340A6701B9}.Debug|x64.ActiveCfg = Debug|Any CPU
		{EEABA872-D3C5-4F3C-973C-02340A6701B9}.Debug|x64.Build.0 = Debug|Any CPU
		{EEABA872-D3C5-4F3C-973C-02340A6701B9}.Debug|x86.ActiveCfg = Debug|Any CPU
		{EEABA872-D3C5-4F3C-973C-02340A6701B9}.Debug|x86.Build.0 = Debug|Any CPU
		{EEABA872-D3C5-4F3C-973C-02340A6701B9}.Release|Any CPU.ActiveCfg = Release|Any CPU
		{EEABA872-D3C5-4F3C-973C-02340A6701B9}.Release|Any CPU.Build.0 = Release|Any CPU
		{EEABA872-D3C5-4F3C-973C-02340A6701B9}.Release|x64.ActiveCfg = Release|Any CPU
		{EEABA872-D3C5-4F3C-973C-02340A6701B9}.Release|x64.Build.0 = Release|Any CPU
		{EEABA872-D3C5-4F3C-973C-02340A6701B9}.Release|x86.ActiveCfg = Release|Any CPU
		{EEABA872-D3C5-4F3C-973C-02340A6701B9}.Release|x86.Build.0 = Release|Any CPU
		{8B2F14E7-44DE-49E2-A8F1-9D0F440A11C1}.Debug|Any CPU.ActiveCfg = Debug|Any CPU
		{8B2F14E7-44DE-49E2-A8F1-9D0F440A11C1}.Debug|Any CPU.Build.0 = Debug|Any CPU
		{8B2F14E7-44DE-49E2-A8F1-9D0F440A11C1}.Debug|x64.ActiveCfg = Debug|Any CPU
		{8B2F14E7-44DE-49E2-A8F1-9D0F440A11C1}.Debug|x64.Build.0 = Debug|Any CPU
		{8B2F14E7-44DE-49E2-A8F1-9D0F440A11C1}.Debug|x86.ActiveCfg = Debug|Any CPU
		{8B2F14E7-44DE-49E2-A8F1-9D0F440A11C1}.Debug|x86.Build.0 = Debug|Any CPU
		{8B2F14E7-44DE-49E2-A8F1-9D0F440A11C1}.Release|Any CPU.ActiveCfg = Release|Any CPU
		{8B2F14E7-44DE-49E2-A8F1-9D0F440A11C1}.Release|Any CPU.Build.0 = Release|Any CPU
		{8B2F14E7-44DE-49E2-A8F1-9D0F440A11C1}.Release|x64.ActiveCfg = Release|Any CPU
		{8B2F14E7-44DE-49E2-A8F1-9D0F440A11C1}.Release|x64.Build.0 = Release|Any CPU
		{8B2F14E7-44DE-49E2-A8F1-9D0F440A11C1}.Release|x86.ActiveCfg = Release|Any CPU
		{8B2F14E7-44DE-49E2-A8F1-9D0F440A11C1}.Release|x86.Build.0 = Release|Any CPU
	EndGlobalSection
	GlobalSection(SolutionProperties) = preSolution
		HideSolutionNode = FALSE
	EndGlobalSection
	GlobalSection(NestedProjects) = preSolution
		{060C5557-2AD0-4865-A0A7-5BA4E9D8FAE7} = {827E0CD3-B72D-47B6-A68D-7590B98EB39B}
		{3B04682F-E247-4ED7-A3C8-C8DBE28C8AF6} = {827E0CD3-B72D-47B6-A68D-7590B98EB39B}
		{A32C8DC7-8C52-4D28-ACA8-83EEF02CCC4C} = {827E0CD3-B72D-47B6-A68D-7590B98EB39B}
		{C79D7606-162F-4977-8AAF-33CC058A89A0} = {827E0CD3-B72D-47B6-A68D-7590B98EB39B}
		{EEABA872-D3C5-4F3C-973C-02340A6701B9} = {02EA681E-C7D8-13C7-8484-4AC65E1B71E8}
		{8B2F14E7-44DE-49E2-A8F1-9D0F440A11C1} = {02EA681E-C7D8-13C7-8484-4AC65E1B71E8}
	EndGlobalSection
EndGlobal
